
Microsoft Visual Studio Solution File, Format Version 12.00
# Visual Studio Version 16
VisualStudioVersion = 16.0.30413.136
MinimumVisualStudioVersion = 10.0.40219.1
Project("{FAE04EC0-301F-11D3-BF4B-00C04F79EFBC}") = "DemoInheritanceQ3", "DemoInheritanceQ3\DemoInheritanceQ3.csproj", "{685B287C-A495-4418-BD0E-3B0EEAD86AF9}"
EndProject
Global
	GlobalSection(SolutionConfigurationPlatforms) = preSolution
		Debug|Any CPU = Debug|Any CPU
		Release|Any CPU = Release|Any CPU
	EndGlobalSection
	GlobalSection(ProjectConfigurationPlatforms) = postSolution
		{685B287C-A495-4418-BD0E-3B0EEAD86AF9}.Debug|Any CPU.ActiveCfg = Debug|Any CPU
		{685B287C-A495-4418-BD0E-3B0EEAD86AF9}.Debug|Any CPU.Build.0 = Debug|Any CPU
		{685B287C-A495-4418-BD0E-3B0EEAD86AF9}.Release|Any CPU.ActiveCfg = Release|Any CPU
		{685B287C-A495-4418-BD0E-3B0EEAD86AF9}.Release|Any CPU.Build.0 = Release|Any CPU
	EndGlobalSection
	GlobalSection(SolutionProperties) = preSolution
		HideSolutionNode = FALSE
	EndGlobalSection
	GlobalSection(ExtensibilityGlobals) = postSolution
		SolutionGuid = {4B93A920-9B14-46E4-BD19-2671BA08821A}
	EndGlobalSection
EndGlobal
